# This file is autogenerated, do not edit; changes may be undone by the next 'dep ensure'.


[[projects]]
  name = "github.com/armon/go-radix"
  packages = ["."]
  revision = "4239b77079c7b5d1243b7b4736304ce8ddb6f0f2"

[[projects]]
  name = "github.com/bgentry/speakeasy"
  packages = ["."]
  revision = "675b82c74c0ed12283ee81ba8a534c8982c07b85"

[[projects]]
  name = "github.com/franela/goreq"
  packages = ["."]
  revision = "b5b0f5eb2d16f20345cce0a544a75163579c0b00"

[[projects]]
  name = "github.com/jessevdk/go-flags"
  packages = ["."]
  revision = "48cf8722c3375517aba351d1f7577c40663a4407"
  version = "v1.2.0"

[[projects]]
  name = "github.com/k0kubun/pp"
  packages = ["."]
  revision = "027a6d1765d673d337e687394dbe780dd64e2a1e"
  version = "v2.3.0"

[[projects]]
  name = "github.com/kelseyhightower/envconfig"
  packages = ["."]
  revision = "f611eb38b3875cc3bd991ca91c51d06446afa14c"
  version = "v1.3.0"

[[projects]]
  name = "github.com/mattn/go-colorable"
  packages = ["."]
  revision = "ded68f7a9561c023e790de24279db7ebf473ea80"

[[projects]]
  name = "github.com/mattn/go-isatty"
  packages = ["."]
  revision = "57fdcb988a5c543893cc61bce354a6e24ab70022"

[[projects]]
  name = "github.com/mitchellh/cli"
  packages = ["."]
  revision = "8d6d9ab3c912dcb005ece87c40a41b9e73e1999a"

[[projects]]
  name = "github.com/tidwall/gjson"
  packages = ["."]
  revision = "0623bd8fbdbf97cc62b98d15108832851a658e59"

[[projects]]
  name = "github.com/tidwall/match"
  packages = ["."]
  revision = "173748da739a410c5b0b813b956f89ff94730b4c"

[[projects]]
  name = "golang.org/x/sys"
  packages = ["unix"]
  revision = "99f16d856c9836c42d24e7ab64ea72916925fa97"

[[projects]]
  name = "gopkg.in/yaml.v2"
  packages = ["."]
  revision = "cd8b52f8269e0feb286dfeef29f8fe4d5b397e0b"

[solve-meta]
  analyzer-name = "dep"
  analyzer-version = 1
  inputs-digest = "fed0cf47f7392aabec951abbd3e8e44aa25a4a3b5c3b4091635a36469d7380e4"
  solver-name = "gps-cdcl"
  solver-version = 1
